
Microsoft Visual Studio Solution File, Format Version 12.00
# Visual Studio Version 17
VisualStudioVersion = 17.5.33530.505
MinimumVisualStudioVersion = 10.0.40219.1
Project("{FAE04EC0-301F-11D3-BF4B-00C04F79EFBC}") = "GUIAPRACTICASEMANA13", "GUIAPRACTICASEMANA13.csproj", "{B1DFBDA6-7C45-4C0D-A516-237087043A6D}"
EndProject
Global
	GlobalSection(SolutionConfigurationPlatforms) = preSolution
		Debug|Any CPU = Debug|Any CPU
		Release|Any CPU = Release|Any CPU
	EndGlobalSection
	GlobalSection(ProjectConfigurationPlatforms) = postSolution
		{B1DFBDA6-7C45-4C0D-A516-237087043A6D}.Debug|Any CPU.ActiveCfg = Debug|Any CPU
		{B1DFBDA6-7C45-4C0D-A516-237087043A6D}.Debug|Any CPU.Build.0 = Debug|Any CPU
		{B1DFBDA6-7C45-4C0D-A516-237087043A6D}.Release|Any CPU.ActiveCfg = Release|Any CPU
		{B1DFBDA6-7C45-4C0D-A516-237087043A6D}.Release|Any CPU.Build.0 = Release|Any CPU
	EndGlobalSection
	GlobalSection(SolutionProperties) = preSolution
		HideSolutionNode = FALSE
	EndGlobalSection
	GlobalSection(ExtensibilityGlobals) = postSolution
		SolutionGuid = {2D70E753-C7FC-4198-852A-E9963E111F45}
	EndGlobalSection
EndGlobal
